// !$*UTF8*$!
{
	archiveVersion = 1;
	classes = {
	};
	objectVersion = 51;
	objects = {

/* Begin PBXBuildFile section */
		322E04392433AD83001BF4B3 /* AppDelegate.swift in Sources */ = {isa = PBXBuildFile; fileRef = 322E04382433AD83001BF4B3 /* AppDelegate.swift */; };
		322E043B2433AD83001BF4B3 /* SceneDelegate.swift in Sources */ = {isa = PBXBuildFile; fileRef = 322E043A2433AD83001BF4B3 /* SceneDelegate.swift */; };
		322E043D2433AD83001BF4B3 /* ViewController.swift in Sources */ = {isa = PBXBuildFile; fileRef = 322E043C2433AD83001BF4B3 /* ViewController.swift */; };
		322E04402433AD83001BF4B3 /* Main.storyboard in Resources */ = {isa = PBXBuildFile; fileRef = 322E043E2433AD83001BF4B3 /* Main.storyboard */; };
		322E04422433AD88001BF4B3 /* Assets.xcassets in Resources */ = {isa = PBXBuildFile; fileRef = 322E04412433AD88001BF4B3 /* Assets.xcassets */; };
		322E04452433AD88001BF4B3 /* LaunchScreen.storyboard in Resources */ = {isa = PBXBuildFile; fileRef = 322E04432433AD88001BF4B3 /* LaunchScreen.storyboard */; };
		322E044D2433AFD3001BF4B3 /* SocketIOManager.swift in Sources */ = {isa = PBXBuildFile; fileRef = 322E044C2433AFD3001BF4B3 /* SocketIOManager.swift */; };
		32CC90C22433D9CA00D2CFE4 /* SendViewController.swift in Sources */ = {isa = PBXBuildFile; fileRef = 32CC90C12433D9CA00D2CFE4 /* SendViewController.swift */; };
		32CC90C62433E07F00D2CFE4 /* MessageTableViewCell.swift in Sources */ = {isa = PBXBuildFile; fileRef = 32CC90C42433E07F00D2CFE4 /* MessageTableViewCell.swift */; };
		32CC90C72433E07F00D2CFE4 /* MessageTableViewCell.xib in Resources */ = {isa = PBXBuildFile; fileRef = 32CC90C52433E07F00D2CFE4 /* MessageTableViewCell.xib */; };
		7354562E5C21ACFCF0AF83E1 /* Pods_ChatSocketGettingStarted.framework in Frameworks */ = {isa = PBXBuildFile; fileRef = 45B3BC663EB35E17FBC11BC3 /* Pods_ChatSocketGettingStarted.framework */; };
		A76AFE602564B88F00539270 /* MainViewController.swift in Sources */ = {isa = PBXBuildFile; fileRef = A76AFE5F2564B88F00539270 /* MainViewController.swift */; };
		A76AFE632564BBDF00539270 /* VisualizeViewController.swift in Sources */ = {isa = PBXBuildFile; fileRef = A76AFE622564BBDF00539270 /* VisualizeViewController.swift */; };
/* End PBXBuildFile section */

/* Begin PBXFileReference section */
		2A8262D5A229D44904DBDF09 /* Pods-ChatSocketGettingStarted.debug.xcconfig */ = {isa = PBXFileReference; includeInIndex = 1; lastKnownFileType = text.xcconfig; name = "Pods-ChatSocketGettingStarted.debug.xcconfig"; path = "Target Support Files/Pods-ChatSocketGettingStarted/Pods-ChatSocketGettingStarted.debug.xcconfig"; sourceTree = "<group>"; };
		322E04352433AD83001BF4B3 /* ChatSocketGettingStarted.app */ = {isa = PBXFileReference; explicitFileType = wrapper.application; includeInIndex = 0; path = ChatSocketGettingStarted.app; sourceTree = BUILT_PRODUCTS_DIR; };
		322E04382433AD83001BF4B3 /* AppDelegate.swift */ = {isa = PBXFileReference; lastKnownFileType = sourcecode.swift; path = AppDelegate.swift; sourceTree = "<group>"; };
		322E043A2433AD83001BF4B3 /* SceneDelegate.swift */ = {isa = PBXFileReference; lastKnownFileType = sourcecode.swift; path = SceneDelegate.swift; sourceTree = "<group>"; };
		322E043C2433AD83001BF4B3 /* ViewController.swift */ = {isa = PBXFileReference; lastKnownFileType = sourcecode.swift; path = ViewController.swift; sourceTree = "<group>"; };
		322E043F2433AD83001BF4B3 /* Base */ = {isa = PBXFileReference; lastKnownFileType = file.storyboard; name = Base; path = Base.lproj/Main.storyboard; sourceTree = "<group>"; };
		322E04412433AD88001BF4B3 /* Assets.xcassets */ = {isa = PBXFileReference; lastKnownFileType = folder.assetcatalog; path = Assets.xcassets; sourceTree = "<group>"; };
		322E04442433AD88001BF4B3 /* Base */ = {isa = PBXFileReference; lastKnownFileType = file.storyboard; name = Base; path = Base.lproj/LaunchScreen.storyboard; sourceTree = "<group>"; };
		322E04462433AD88001BF4B3 /* Info.plist */ = {isa = PBXFileReference; lastKnownFileType = text.plist.xml; path = Info.plist; sourceTree = "<group>"; };
		322E044C2433AFD3001BF4B3 /* SocketIOManager.swift */ = {isa = PBXFileReference; lastKnownFileType = sourcecode.swift; path = SocketIOManager.swift; sourceTree = "<group>"; };
		32CC90C12433D9CA00D2CFE4 /* SendViewController.swift */ = {isa = PBXFileReference; lastKnownFileType = sourcecode.swift; path = SendViewController.swift; sourceTree = "<group>"; };
		32CC90C42433E07F00D2CFE4 /* MessageTableViewCell.swift */ = {isa = PBXFileReference; lastKnownFileType = sourcecode.swift; path = MessageTableViewCell.swift; sourceTree = "<group>"; };
		32CC90C52433E07F00D2CFE4 /* MessageTableViewCell.xib */ = {isa = PBXFileReference; lastKnownFileType = file.xib; path = MessageTableViewCell.xib; sourceTree = "<group>"; };
		45B3BC663EB35E17FBC11BC3 /* Pods_ChatSocketGettingStarted.framework */ = {isa = PBXFileReference; explicitFileType = wrapper.framework; includeInIndex = 0; path = Pods_ChatSocketGettingStarted.framework; sourceTree = BUILT_PRODUCTS_DIR; };
		5BF468E53BAD1B5F01D527F9 /* Pods-ChatSocketGettingStarted.release.xcconfig */ = {isa = PBXFileReference; includeInIndex = 1; lastKnownFileType = text.xcconfig; name = "Pods-ChatSocketGettingStarted.release.xcconfig"; path = "Target Support Files/Pods-ChatSocketGettingStarted/Pods-ChatSocketGettingStarted.release.xcconfig"; sourceTree = "<group>"; };
		A76AFE5F2564B88F00539270 /* MainViewController.swift */ = {isa = PBXFileReference; lastKnownFileType = sourcecode.swift; path = MainViewController.swift; sourceTree = "<group>"; };
		A76AFE622564BBDF00539270 /* VisualizeViewController.swift */ = {isa = PBXFileReference; lastKnownFileType = sourcecode.swift; path = VisualizeViewController.swift; sourceTree = "<group>"; };
/* End PBXFileReference section */

/* Begin PBXFrameworksBuildPhase section */
		322E04322433AD83001BF4B3 /* Frameworks */ = {
			isa = PBXFrameworksBuildPhase;
			buildActionMask = 2147483647;
			files = (
				7354562E5C21ACFCF0AF83E1 /* Pods_ChatSocketGettingStarted.framework in Frameworks */,
			);
			runOnlyForDeploymentPostprocessing = 0;
		};
/* End PBXFrameworksBuildPhase section */

/* Begin PBXGroup section */
		1EFE7E8CE46F3A250A8D0FD4 /* Frameworks */ = {
			isa = PBXGroup;
			children = (
				45B3BC663EB35E17FBC11BC3 /* Pods_ChatSocketGettingStarted.framework */,
			);
			name = Frameworks;
			sourceTree = "<group>";
		};
		21AA0252BA741D6E8F31996C /* Pods */ = {
			isa = PBXGroup;
			children = (
				2A8262D5A229D44904DBDF09 /* Pods-ChatSocketGettingStarted.debug.xcconfig */,
				5BF468E53BAD1B5F01D527F9 /* Pods-ChatSocketGettingStarted.release.xcconfig */,
			);
			path = Pods;
			sourceTree = "<group>";
		};
		322E042C2433AD83001BF4B3 = {
			isa = PBXGroup;
			children = (
				322E04372433AD83001BF4B3 /* ChatSocketGettingStarted */,
				322E04362433AD83001BF4B3 /* Products */,
				21AA0252BA741D6E8F31996C /* Pods */,
				1EFE7E8CE46F3A250A8D0FD4 /* Frameworks */,
			);
			sourceTree = "<group>";
		};
		322E04362433AD83001BF4B3 /* Products */ = {
			isa = PBXGroup;
			children = (
				322E04352433AD83001BF4B3 /* ChatSocketGettingStarted.app */,
			);
			name = Products;
			sourceTree = "<group>";
		};
		322E04372433AD83001BF4B3 /* ChatSocketGettingStarted */ = {
			isa = PBXGroup;
			children = (
				32CC90C32433E06D00D2CFE4 /* Cells */,
				322E04382433AD83001BF4B3 /* AppDelegate.swift */,
				322E043A2433AD83001BF4B3 /* SceneDelegate.swift */,
				322E044C2433AFD3001BF4B3 /* SocketIOManager.swift */,
				322E043C2433AD83001BF4B3 /* ViewController.swift */,
				A76AFE5F2564B88F00539270 /* MainViewController.swift */,
				A76AFE622564BBDF00539270 /* VisualizeViewController.swift */,
				32CC90C12433D9CA00D2CFE4 /* SendViewController.swift */,
				322E043E2433AD83001BF4B3 /* Main.storyboard */,
				322E04412433AD88001BF4B3 /* Assets.xcassets */,
				322E04432433AD88001BF4B3 /* LaunchScreen.storyboard */,
				322E04462433AD88001BF4B3 /* Info.plist */,
			);
			path = ChatSocketGettingStarted;
			sourceTree = "<group>";
		};
		32CC90C32433E06D00D2CFE4 /* Cells */ = {
			isa = PBXGroup;
			children = (
				32CC90C42433E07F00D2CFE4 /* MessageTableViewCell.swift */,
				32CC90C52433E07F00D2CFE4 /* MessageTableViewCell.xib */,
			);
			path = Cells;
			sourceTree = "<group>";
		};
/* End PBXGroup section */

/* Begin PBXNativeTarget section */
		322E04342433AD83001BF4B3 /* ChatSocketGettingStarted */ = {
			isa = PBXNativeTarget;
			buildConfigurationList = 322E04492433AD88001BF4B3 /* Build configuration list for PBXNativeTarget "ChatSocketGettingStarted" */;
			buildPhases = (
				EFAE86A487821BF88C17B8D9 /* [CP] Check Pods Manifest.lock */,
				322E04312433AD83001BF4B3 /* Sources */,
				322E04322433AD83001BF4B3 /* Frameworks */,
				322E04332433AD83001BF4B3 /* Resources */,
				612FE1B1F01D7F0824D8324F /* [CP] Embed Pods Frameworks */,
			);
			buildRules = (
			);
			dependencies = (
			);
			name = ChatSocketGettingStarted;
			productName = ChatSocketGettingStarted;
			productReference = 322E04352433AD83001BF4B3 /* ChatSocketGettingStarted.app */;
			productType = "com.apple.product-type.application";
		};
/* End PBXNativeTarget section */

/* Begin PBXProject section */
		322E042D2433AD83001BF4B3 /* Project object */ = {
			isa = PBXProject;
			attributes = {
				LastSwiftUpdateCheck = 1140;
				LastUpgradeCheck = 1220;
				ORGANIZATIONNAME = "Felipe Petersen";
				TargetAttributes = {
					322E04342433AD83001BF4B3 = {
						CreatedOnToolsVersion = 11.4;
					};
				};
			};
			buildConfigurationList = 322E04302433AD83001BF4B3 /* Build configuration list for PBXProject "ChatSocketGettingStarted" */;
			compatibilityVersion = "Xcode 9.3";
			developmentRegion = en;
			hasScannedForEncodings = 0;
			knownRegions = (
				en,
				Base,
			);
			mainGroup = 322E042C2433AD83001BF4B3;
			productRefGroup = 322E04362433AD83001BF4B3 /* Products */;
			projectDirPath = "";
			projectRoot = "";
			targets = (
				322E04342433AD83001BF4B3 /* ChatSocketGettingStarted */,
			);
		};
/* End PBXProject section */

/* Begin PBXResourcesBuildPhase section */
		322E04332433AD83001BF4B3 /* Resources */ = {
			isa = PBXResourcesBuildPhase;
			buildActionMask = 2147483647;
			files = (
				322E04452433AD88001BF4B3 /* LaunchScreen.storyboard in Resources */,
				32CC90C72433E07F00D2CFE4 /* MessageTableViewCell.xib in Resources */,
				322E04422433AD88001BF4B3 /* Assets.xcassets in Resources */,
				322E04402433AD83001BF4B3 /* Main.storyboard in Resources */,
			);
			runOnlyForDeploymentPostprocessing = 0;
		};
/* End PBXResourcesBuildPhase section */

/* Begin PBXShellScriptBuildPhase section */
		612FE1B1F01D7F0824D8324F /* [CP] Embed Pods Frameworks */ = {
			isa = PBXShellScriptBuildPhase;
			buildActionMask = 2147483647;
			files = (
			);
			inputFileListPaths = (
				"${PODS_ROOT}/Target Support Files/Pods-ChatSocketGettingStarted/Pods-ChatSocketGettingStarted-frameworks-${CONFIGURATION}-input-files.xcfilelist",
			);
			name = "[CP] Embed Pods Frameworks";
			outputFileListPaths = (
				"${PODS_ROOT}/Target Support Files/Pods-ChatSocketGettingStarted/Pods-ChatSocketGettingStarted-frameworks-${CONFIGURATION}-output-files.xcfilelist",
			);
			runOnlyForDeploymentPostprocessing = 0;
			shellPath = /bin/sh;
			shellScript = "\"${PODS_ROOT}/Target Support Files/Pods-ChatSocketGettingStarted/Pods-ChatSocketGettingStarted-frameworks.sh\"\n";
			showEnvVarsInLog = 0;
		};
		EFAE86A487821BF88C17B8D9 /* [CP] Check Pods Manifest.lock */ = {
			isa = PBXShellScriptBuildPhase;
			buildActionMask = 2147483647;
			files = (
			);
			inputFileListPaths = (
			);
			inputPaths = (
				"${PODS_PODFILE_DIR_PATH}/Podfile.lock",
				"${PODS_ROOT}/Manifest.lock",
			);
			name = "[CP] Check Pods Manifest.lock";
			outputFileListPaths = (
			);
			outputPaths = (
				"$(DERIVED_FILE_DIR)/Pods-ChatSocketGettingStarted-checkManifestLockResult.txt",
			);
			runOnlyForDeploymentPostprocessing = 0;
			shellPath = /bin/sh;
			shellScript = "diff \"${PODS_PODFILE_DIR_PATH}/Podfile.lock\" \"${PODS_ROOT}/Manifest.lock\" > /dev/null\nif [ $? != 0 ] ; then\n    # print error to STDERR\n    echo \"error: The sandbox is not in sync with the Podfile.lock. Run 'pod install' or update your CocoaPods installation.\" >&2\n    exit 1\nfi\n# This output is used by Xcode 'outputs' to avoid re-running this script phase.\necho \"SUCCESS\" > \"${SCRIPT_OUTPUT_FILE_0}\"\n";
			showEnvVarsInLog = 0;
		};
/* End PBXShellScriptBuildPhase section */

/* Begin PBXSourcesBuildPhase section */
		322E04312433AD83001BF4B3 /* Sources */ = {
			isa = PBXSourcesBuildPhase;
			buildActionMask = 2147483647;
			files = (
				A76AFE602564B88F00539270 /* MainViewController.swift in Sources */,
				322E043D2433AD83001BF4B3 /* ViewController.swift in Sources */,
				322E044D2433AFD3001BF4B3 /* SocketIOManager.swift in Sources */,
				A76AFE632564BBDF00539270 /* VisualizeViewController.swift in Sources */,
				322E04392433AD83001BF4B3 /* AppDelegate.swift in Sources */,
				32CC90C22433D9CA00D2CFE4 /* SendViewController.swift in Sources */,
				322E043B2433AD83001BF4B3 /* SceneDelegate.swift in Sources */,
				32CC90C62433E07F00D2CFE4 /* MessageTableViewCell.swift in Sources */,
			);
			runOnlyForDeploymentPostprocessing = 0;
		};
/* End PBXSourcesBuildPhase section */

/* Begin PBXVariantGroup section */
		322E043E2433AD83001BF4B3 /* Main.storyboard */ = {
			isa = PBXVariantGroup;
			children = (
				322E043F2433AD83001BF4B3 /* Base */,
			);
			name = Main.storyboard;
			sourceTree = "<group>";
		};
		322E04432433AD88001BF4B3 /* LaunchScreen.storyboard */ = {
			isa = PBXVariantGroup;
			children = (
				322E04442433AD88001BF4B3 /* Base */,
			);
			name = LaunchScreen.storyboard;
			sourceTree = "<group>";
		};
/* End PBXVariantGroup section */

/* Begin XCBuildConfiguration section */
		322E04472433AD88001BF4B3 /* Debug */ = {
			isa = XCBuildConfiguration;
			buildSettings = {
				ALWAYS_SEARCH_USER_PATHS = NO;
				CLANG_ANALYZER_NONNULL = YES;
				CLANG_ANALYZER_NUMBER_OBJECT_CONVERSION = YES_AGGRESSIVE;
				CLANG_CXX_LANGUAGE_STANDARD = "gnu++14";
				CLANG_CXX_LIBRARY = "libc++";
				CLANG_ENABLE_MODULES = YES;
				CLANG_ENABLE_OBJC_ARC = YES;
				CLANG_ENABLE_OBJC_WEAK = YES;
				CLANG_WARN_BLOCK_CAPTURE_AUTORELEASING = YES;
				CLANG_WARN_BOOL_CONVERSION = YES;
				CLANG_WARN_COMMA = YES;
				CLANG_WARN_CONSTANT_CONVERSION = YES;
				CLANG_WARN_DEPRECATED_OBJC_IMPLEMENTATIONS = YES;
				CLANG_WARN_DIRECT_OBJC_ISA_USAGE = YES_ERROR;
				CLANG_WARN_DOCUMENTATION_COMMENTS = YES;
				CLANG_WARN_EMPTY_BODY = YES;
				CLANG_WARN_ENUM_CONVERSION = YES;
				CLANG_WARN_INFINITE_RECURSION = YES;
				CLANG_WARN_INT_CONVERSION = YES;
				CLANG_WARN_NON_LITERAL_NULL_CONVERSION = YES;
				CLANG_WARN_OBJC_IMPLICIT_RETAIN_SELF = YES;
				CLANG_WARN_OBJC_LITERAL_CONVERSION = YES;
				CLANG_WARN_OBJC_ROOT_CLASS = YES_ERROR;
				CLANG_WARN_QUOTED_INCLUDE_IN_FRAMEWORK_HEADER = YES;
				CLANG_WARN_RANGE_LOOP_ANALYSIS = YES;
				CLANG_WARN_STRICT_PROTOTYPES = YES;
				CLANG_WARN_SUSPICIOUS_MOVE = YES;
				CLANG_WARN_UNGUARDED_AVAILABILITY = YES_AGGRESSIVE;
				CLANG_WARN_UNREACHABLE_CODE = YES;
				CLANG_WARN__DUPLICATE_METHOD_MATCH = YES;
				COPY_PHASE_STRIP = NO;
				DEBUG_INFORMATION_FORMAT = dwarf;
				ENABLE_STRICT_OBJC_MSGSEND = YES;
				ENABLE_TESTABILITY = YES;
				GCC_C_LANGUAGE_STANDARD = gnu11;
				GCC_DYNAMIC_NO_PIC = NO;
				GCC_NO_COMMON_BLOCKS = YES;
				GCC_OPTIMIZATION_LEVEL = 0;
				GCC_PREPROCESSOR_DEFINITIONS = (
					"DEBUG=1",
					"$(inherited)",
				);
				GCC_WARN_64_TO_32_BIT_CONVERSION = YES;
				GCC_WARN_ABOUT_RETURN_TYPE = YES_ERROR;
				GCC_WARN_UNDECLARED_SELECTOR = YES;
				GCC_WARN_UNINITIALIZED_AUTOS = YES_AGGRESSIVE;
				GCC_WARN_UNUSED_FUNCTION = YES;
				GCC_WARN_UNUSED_VARIABLE = YES;
				IPHONEOS_DEPLOYMENT_TARGET = 13.4;
				MTL_ENABLE_DEBUG_INFO = INCLUDE_SOURCE;
				MTL_FAST_MATH = YES;
				ONLY_ACTIVE_ARCH = YES;
				SDKROOT = iphoneos;
				SWIFT_ACTIVE_COMPILATION_CONDITIONS = DEBUG;
				SWIFT_OPTIMIZATION_LEVEL = "-Onone";
			};
			name = Debug;
		};
		322E04482433AD88001BF4B3 /* Release */ = {
			isa = XCBuildConfiguration;
			buildSettings = {
				ALWAYS_SEARCH_USER_PATHS = NO;
				CLANG_ANALYZER_NONNULL = YES;
				CLANG_ANALYZER_NUMBER_OBJECT_CONVERSION = YES_AGGRESSIVE;
				CLANG_CXX_LANGUAGE_STANDARD = "gnu++14";
				CLANG_CXX_LIBRARY = "libc++";
				CLANG_ENABLE_MODULES = YES;
				CLANG_ENABLE_OBJC_ARC = YES;
				CLANG_ENABLE_OBJC_WEAK = YES;
				CLANG_WARN_BLOCK_CAPTURE_AUTORELEASING = YES;
				CLANG_WARN_BOOL_CONVERSION = YES;
				CLANG_WARN_COMMA = YES;
				CLANG_WARN_CONSTANT_CONVERSION = YES;
				CLANG_WARN_DEPRECATED_OBJC_IMPLEMENTATIONS = YES;
				CLANG_WARN_DIRECT_OBJC_ISA_USAGE = YES_ERROR;
				CLANG_WARN_DOCUMENTATION_COMMENTS = YES;
				CLANG_WARN_EMPTY_BODY = YES;
				CLANG_WARN_ENUM_CONVERSION = YES;
				CLANG_WARN_INFINITE_RECURSION = YES;
				CLANG_WARN_INT_CONVERSION = YES;
				CLANG_WARN_NON_LITERAL_NULL_CONVERSION = YES;
				CLANG_WARN_OBJC_IMPLICIT_RETAIN_SELF = YES;
				CLANG_WARN_OBJC_LITERAL_CONVERSION = YES;
				CLANG_WARN_OBJC_ROOT_CLASS = YES_ERROR;
				CLANG_WARN_QUOTED_INCLUDE_IN_FRAMEWORK_HEADER = YES;
				CLANG_WARN_RANGE_LOOP_ANALYSIS = YES;
				CLANG_WARN_STRICT_PROTOTYPES = YES;
				CLANG_WARN_SUSPICIOUS_MOVE = YES;
				CLANG_WARN_UNGUARDED_AVAILABILITY = YES_AGGRESSIVE;
				CLANG_WARN_UNREACHABLE_CODE = YES;
				CLANG_WARN__DUPLICATE_METHOD_MATCH = YES;
				COPY_PHASE_STRIP = NO;
				DEBUG_INFORMATION_FORMAT = "dwarf-with-dsym";
				ENABLE_NS_ASSERTIONS = NO;
				ENABLE_STRICT_OBJC_MSGSEND = YES;
				GCC_C_LANGUAGE_STANDARD = gnu11;
				GCC_NO_COMMON_BLOCKS = YES;
				GCC_WARN_64_TO_32_BIT_CONVERSION = YES;
				GCC_WARN_ABOUT_RETURN_TYPE = YES_ERROR;
				GCC_WARN_UNDECLARED_SELECTOR = YES;
				GCC_WARN_UNINITIALIZED_AUTOS = YES_AGGRESSIVE;
				GCC_WARN_UNUSED_FUNCTION = YES;
				GCC_WARN_UNUSED_VARIABLE = YES;
				IPHONEOS_DEPLOYMENT_TARGET = 13.4;
				MTL_ENABLE_DEBUG_INFO = NO;
				MTL_FAST_MATH = YES;
				SDKROOT = iphoneos;
				SWIFT_COMPILATION_MODE = wholemodule;
				SWIFT_OPTIMIZATION_LEVEL = "-O";
				VALIDATE_PRODUCT = YES;
			};
			name = Release;
		};
		322E044A2433AD88001BF4B3 /* Debug */ = {
			isa = XCBuildConfiguration;
			baseConfigurationReference = 2A8262D5A229D44904DBDF09 /* Pods-ChatSocketGettingStarted.debug.xcconfig */;
			buildSettings = {
				ASSETCATALOG_COMPILER_APPICON_NAME = AppIcon;
				CODE_SIGN_STYLE = Automatic;
				DEVELOPMENT_TEAM = 4BUKN8ST5B;
				INFOPLIST_FILE = ChatSocketGettingStarted/Info.plist;
				LD_RUNPATH_SEARCH_PATHS = (
					"$(inherited)",
					"@executable_path/Frameworks",
				);
				PRODUCT_BUNDLE_IDENTIFIER = com.fepetersen.ChatSocketGettingStarted;
				PRODUCT_NAME = "$(TARGET_NAME)";
				SWIFT_VERSION = 5.0;
				TARGETED_DEVICE_FAMILY = 1;
			};
			name = Debug;
		};
		322E044B2433AD88001BF4B3 /* Release */ = {
			isa = XCBuildConfiguration;
			baseConfigurationReference = 5BF468E53BAD1B5F01D527F9 /* Pods-ChatSocketGettingStarted.release.xcconfig */;
			buildSettings = {
				ASSETCATALOG_COMPILER_APPICON_NAME = AppIcon;
				CODE_SIGN_STYLE = Automatic;
				DEVELOPMENT_TEAM = 4BUKN8ST5B;
				INFOPLIST_FILE = ChatSocketGettingStarted/Info.plist;
				LD_RUNPATH_SEARCH_PATHS = (
					"$(inherited)",
					"@executable_path/Frameworks",
				);
				PRODUCT_BUNDLE_IDENTIFIER = com.fepetersen.ChatSocketGettingStarted;
				PRODUCT_NAME = "$(TARGET_NAME)";
				SWIFT_VERSION = 5.0;
				TARGETED_DEVICE_FAMILY = 1;
			};
			name = Release;
		};
/* End XCBuildConfiguration section */

/* Begin XCConfigurationList section */
		322E04302433AD83001BF4B3 /* Build configuration list for PBXProject "ChatSocketGettingStarted" */ = {
			isa = XCConfigurationList;
			buildConfigurations = (
				322E04472433AD88001BF4B3 /* Debug */,
				322E04482433AD88001BF4B3 /* Release */,
			);
			defaultConfigurationIsVisible = 0;
			defaultConfigurationName = Release;
		};
		322E04492433AD88001BF4B3 /* Build configuration list for PBXNativeTarget "ChatSocketGettingStarted" */ = {
			isa = XCConfigurationList;
			buildConfigurations = (
				322E044A2433AD88001BF4B3 /* Debug */,
				322E044B2433AD88001BF4B3 /* Release */,
			);
			defaultConfigurationIsVisible = 0;
			defaultConfigurationName = Release;
		};
/* End XCConfigurationList section */
	};
	rootObject = 322E042D2433AD83001BF4B3 /* Project object */;
}
